
Microsoft Visual Studio Solution File, Format Version 12.00
Project("{FAE04EC0-301F-11D3-BF4B-00C04F79EFBC}") = "dummy_backend", "dummy_backend\dummy_backend.csproj", "{5AEDF78E-FF00-4335-B352-347EF9608E3B}"
EndProject
Global
	GlobalSection(SolutionConfigurationPlatforms) = preSolution
		Debug|Any CPU = Debug|Any CPU
		Release|Any CPU = Release|Any CPU
	EndGlobalSection
	GlobalSection(ProjectConfigurationPlatforms) = postSolution
		{5AEDF78E-FF00-4335-B352-347EF9608E3B}.Debug|Any CPU.ActiveCfg = Debug|Any CPU
		{5AEDF78E-FF00-4335-B352-347EF9608E3B}.Debug|Any CPU.Build.0 = Debug|Any CPU
		{5AEDF78E-FF00-4335-B352-347EF9608E3B}.Release|Any CPU.ActiveCfg = Release|Any CPU
		{5AEDF78E-FF00-4335-B352-347EF9608E3B}.Release|Any CPU.Build.0 = Release|Any CPU
	EndGlobalSection
EndGlobal
